
Microsoft Visual Studio Solution File, Format Version 12.00
# Visual Studio 15
VisualStudioVersion = 15.0.26730.15
MinimumVisualStudioVersion = 10.0.40219.1
Project("{2150E333-8FDC-42A3-9474-1A3956D46DE8}") = "src", "src", "{BED00B05-8349-44B5-A57C-E2969980B17E}"
EndProject
Project("{9A19103F-16F7-4668-BE54-9A1E7A4F7556}") = "AutoRespect.Infrastructure.ErrorHandling", "src\AutoRespect.Infrastructure.ErrorHandling\AutoRespect.Infrastructure.ErrorHandling.csproj", "{8AF8909B-D583-48C7-9817-C94E0C6F25A6}"
EndProject
Global
	GlobalSection(SolutionConfigurationPlatforms) = preSolution
		Debug|Any CPU = Debug|Any CPU
		Release|Any CPU = Release|Any CPU
	EndGlobalSection
	GlobalSection(ProjectConfigurationPlatforms) = postSolution
		{8AF8909B-D583-48C7-9817-C94E0C6F25A6}.Debug|Any CPU.ActiveCfg = Debug|Any CPU
		{8AF8909B-D583-48C7-9817-C94E0C6F25A6}.Debug|Any CPU.Build.0 = Debug|Any CPU
		{8AF8909B-D583-48C7-9817-C94E0C6F25A6}.Release|Any CPU.ActiveCfg = Release|Any CPU
		{8AF8909B-D583-48C7-9817-C94E0C6F25A6}.Release|Any CPU.Build.0 = Release|Any CPU
	EndGlobalSection
	GlobalSection(SolutionProperties) = preSolution
		HideSolutionNode = FALSE
	EndGlobalSection
	GlobalSection(NestedProjects) = preSolution
		{8AF8909B-D583-48C7-9817-C94E0C6F25A6} = {BED00B05-8349-44B5-A57C-E2969980B17E}
	EndGlobalSection
	GlobalSection(ExtensibilityGlobals) = postSolution
		SolutionGuid = {C36940F5-EDA8-4E02-A2C7-E638CB377922}
	EndGlobalSection
EndGlobal
