
Microsoft Visual Studio Solution File, Format Version 12.00
# Visual Studio 15
VisualStudioVersion = 15.0.26730.16
MinimumVisualStudioVersion = 10.0.40219.1
Project("{2150E333-8FDC-42A3-9474-1A3956D46DE8}") = "src", "src", "{BED00B05-8349-44B5-A57C-E2969980B17E}"
EndProject
Project("{9A19103F-16F7-4668-BE54-9A1E7A4F7556}") = "AutoRespect.Infrastructure.ErrorHandling", "src\AutoRespect.Infrastructure.ErrorHandling\AutoRespect.Infrastructure.ErrorHandling.csproj", "{8AF8909B-D583-48C7-9817-C94E0C6F25A6}"
EndProject
Project("{9A19103F-16F7-4668-BE54-9A1E7A4F7556}") = "AutoRespect.Infrastructure.ErrorHandling.AspNetCore", "src\AutoRespect.Infrastructure.ErrorHandling.AspNetCore\AutoRespect.Infrastructure.ErrorHandling.AspNetCore.csproj", "{32D6EB98-D70F-4626-A6AD-47B38DE0643C}"
EndProject
Project("{2150E333-8FDC-42A3-9474-1A3956D46DE8}") = "oauth", "oauth", "{DF83A591-438F-4076-8710-5292E67DE3AA}"
EndProject
Project("{2150E333-8FDC-42A3-9474-1A3956D46DE8}") = "error-handling", "error-handling", "{35BE426D-D132-4556-BFEE-9F3D73AFDBC3}"
EndProject
Project("{9A19103F-16F7-4668-BE54-9A1E7A4F7556}") = "AutoRespect.Infrastructure.OAuth.Jwt", "src\AutoRespect.Infrastructure.OAuth.Jwt\AutoRespect.Infrastructure.OAuth.Jwt.csproj", "{C01A5C18-B731-4B39-968D-C4FA003F0910}"
EndProject
Project("{2150E333-8FDC-42A3-9474-1A3956D46DE8}") = "dependency-injection", "dependency-injection", "{1D9D0343-9929-49A7-A1FA-9E1EAB1D70BE}"
EndProject
Project("{9A19103F-16F7-4668-BE54-9A1E7A4F7556}") = "AutoRespect.Infrastructure.DI.Design", "src\AutoRespect.Infrastructure.DI.Design\AutoRespect.Infrastructure.DI.Design.csproj", "{92DC45D9-3B08-44E1-A7EF-FFB6D16DB0A8}"
EndProject
Project("{9A19103F-16F7-4668-BE54-9A1E7A4F7556}") = "AutoRespect.Infrastructure.DI", "src\AutoRespect.Infrastructure.DI\AutoRespect.Infrastructure.DI.csproj", "{CD86DFF0-BEEB-4789-B31A-45123C215C4A}"
EndProject
Project("{2150E333-8FDC-42A3-9474-1A3956D46DE8}") = "data-access", "data-access", "{73F14885-147F-4D9C-B14D-6A31EEC53DC1}"
EndProject
Project("{FAE04EC0-301F-11D3-BF4B-00C04F79EFBC}") = "AutoRespect.Infrastructure.DataAccess", "src\AutoRespect.Infrastructure.DataAccess\AutoRespect.Infrastructure.DataAccess.csproj", "{70450475-56F8-471D-8D4E-2FFD540B1DFB}"
EndProject
Project("{FAE04EC0-301F-11D3-BF4B-00C04F79EFBC}") = "AutoRespect.Infrastructure.DataAccess.Design", "src\AutoRespect.Infrastructure.DataAccess.Design\AutoRespect.Infrastructure.DataAccess.Design.csproj", "{2C27C709-907A-4F3A-8525-47347946C101}"
EndProject
Global
	GlobalSection(SolutionConfigurationPlatforms) = preSolution
		Debug|Any CPU = Debug|Any CPU
		Release|Any CPU = Release|Any CPU
	EndGlobalSection
	GlobalSection(ProjectConfigurationPlatforms) = postSolution
		{8AF8909B-D583-48C7-9817-C94E0C6F25A6}.Debug|Any CPU.ActiveCfg = Debug|Any CPU
		{8AF8909B-D583-48C7-9817-C94E0C6F25A6}.Debug|Any CPU.Build.0 = Debug|Any CPU
		{8AF8909B-D583-48C7-9817-C94E0C6F25A6}.Release|Any CPU.ActiveCfg = Release|Any CPU
		{8AF8909B-D583-48C7-9817-C94E0C6F25A6}.Release|Any CPU.Build.0 = Release|Any CPU
		{32D6EB98-D70F-4626-A6AD-47B38DE0643C}.Debug|Any CPU.ActiveCfg = Debug|Any CPU
		{32D6EB98-D70F-4626-A6AD-47B38DE0643C}.Debug|Any CPU.Build.0 = Debug|Any CPU
		{32D6EB98-D70F-4626-A6AD-47B38DE0643C}.Release|Any CPU.ActiveCfg = Release|Any CPU
		{32D6EB98-D70F-4626-A6AD-47B38DE0643C}.Release|Any CPU.Build.0 = Release|Any CPU
		{C01A5C18-B731-4B39-968D-C4FA003F0910}.Debug|Any CPU.ActiveCfg = Debug|Any CPU
		{C01A5C18-B731-4B39-968D-C4FA003F0910}.Debug|Any CPU.Build.0 = Debug|Any CPU
		{C01A5C18-B731-4B39-968D-C4FA003F0910}.Release|Any CPU.ActiveCfg = Release|Any CPU
		{C01A5C18-B731-4B39-968D-C4FA003F0910}.Release|Any CPU.Build.0 = Release|Any CPU
		{92DC45D9-3B08-44E1-A7EF-FFB6D16DB0A8}.Debug|Any CPU.ActiveCfg = Debug|Any CPU
		{92DC45D9-3B08-44E1-A7EF-FFB6D16DB0A8}.Debug|Any CPU.Build.0 = Debug|Any CPU
		{92DC45D9-3B08-44E1-A7EF-FFB6D16DB0A8}.Release|Any CPU.ActiveCfg = Release|Any CPU
		{92DC45D9-3B08-44E1-A7EF-FFB6D16DB0A8}.Release|Any CPU.Build.0 = Release|Any CPU
		{CD86DFF0-BEEB-4789-B31A-45123C215C4A}.Debug|Any CPU.ActiveCfg = Debug|Any CPU
		{CD86DFF0-BEEB-4789-B31A-45123C215C4A}.Debug|Any CPU.Build.0 = Debug|Any CPU
		{CD86DFF0-BEEB-4789-B31A-45123C215C4A}.Release|Any CPU.ActiveCfg = Release|Any CPU
		{CD86DFF0-BEEB-4789-B31A-45123C215C4A}.Release|Any CPU.Build.0 = Release|Any CPU
		{70450475-56F8-471D-8D4E-2FFD540B1DFB}.Debug|Any CPU.ActiveCfg = Debug|Any CPU
		{70450475-56F8-471D-8D4E-2FFD540B1DFB}.Debug|Any CPU.Build.0 = Debug|Any CPU
		{70450475-56F8-471D-8D4E-2FFD540B1DFB}.Release|Any CPU.ActiveCfg = Release|Any CPU
		{70450475-56F8-471D-8D4E-2FFD540B1DFB}.Release|Any CPU.Build.0 = Release|Any CPU
		{2C27C709-907A-4F3A-8525-47347946C101}.Debug|Any CPU.ActiveCfg = Debug|Any CPU
		{2C27C709-907A-4F3A-8525-47347946C101}.Debug|Any CPU.Build.0 = Debug|Any CPU
		{2C27C709-907A-4F3A-8525-47347946C101}.Release|Any CPU.ActiveCfg = Release|Any CPU
		{2C27C709-907A-4F3A-8525-47347946C101}.Release|Any CPU.Build.0 = Release|Any CPU
	EndGlobalSection
	GlobalSection(SolutionProperties) = preSolution
		HideSolutionNode = FALSE
	EndGlobalSection
	GlobalSection(NestedProjects) = preSolution
		{8AF8909B-D583-48C7-9817-C94E0C6F25A6} = {35BE426D-D132-4556-BFEE-9F3D73AFDBC3}
		{32D6EB98-D70F-4626-A6AD-47B38DE0643C} = {35BE426D-D132-4556-BFEE-9F3D73AFDBC3}
		{DF83A591-438F-4076-8710-5292E67DE3AA} = {BED00B05-8349-44B5-A57C-E2969980B17E}
		{35BE426D-D132-4556-BFEE-9F3D73AFDBC3} = {BED00B05-8349-44B5-A57C-E2969980B17E}
		{C01A5C18-B731-4B39-968D-C4FA003F0910} = {DF83A591-438F-4076-8710-5292E67DE3AA}
		{1D9D0343-9929-49A7-A1FA-9E1EAB1D70BE} = {BED00B05-8349-44B5-A57C-E2969980B17E}
		{92DC45D9-3B08-44E1-A7EF-FFB6D16DB0A8} = {1D9D0343-9929-49A7-A1FA-9E1EAB1D70BE}
		{CD86DFF0-BEEB-4789-B31A-45123C215C4A} = {1D9D0343-9929-49A7-A1FA-9E1EAB1D70BE}
		{73F14885-147F-4D9C-B14D-6A31EEC53DC1} = {BED00B05-8349-44B5-A57C-E2969980B17E}
		{70450475-56F8-471D-8D4E-2FFD540B1DFB} = {73F14885-147F-4D9C-B14D-6A31EEC53DC1}
		{2C27C709-907A-4F3A-8525-47347946C101} = {73F14885-147F-4D9C-B14D-6A31EEC53DC1}
	EndGlobalSection
	GlobalSection(ExtensibilityGlobals) = postSolution
		SolutionGuid = {C36940F5-EDA8-4E02-A2C7-E638CB377922}
	EndGlobalSection
EndGlobal
